
Microsoft Visual Studio Solution File, Format Version 12.00
# Visual Studio 14
VisualStudioVersion = 14.0.25420.1
MinimumVisualStudioVersion = 10.0.40219.1
Project("{FAE04EC0-301F-11D3-BF4B-00C04F79EFBC}") = "TestMirth", "TestMirth\TestMirth.csproj", "{A2F5C322-DA70-43FC-850D-57CAB2C44E3F}"
EndProject
Project("{FAE04EC0-301F-11D3-BF4B-00C04F79EFBC}") = "IDAL", "IDAL\IDAL.csproj", "{1AE7A8D0-8826-4D4D-9E71-8CD3D6175319}"
EndProject
Project("{FAE04EC0-301F-11D3-BF4B-00C04F79EFBC}") = "IBLL", "IBLL\IBLL.csproj", "{26F90BA8-92EE-4C58-8C45-DCAC2A9662A9}"
EndProject
Project("{FAE04EC0-301F-11D3-BF4B-00C04F79EFBC}") = "GeneralPurposeLib", "Common\GeneralPurposeLib.csproj", "{A1D784D1-835D-425D-BCC8-04C9C04BA474}"
EndProject
Project("{FAE04EC0-301F-11D3-BF4B-00C04F79EFBC}") = "DataAccessLayer", "DataAccessLayer\DataAccessLayer.csproj", "{C9A27A86-5EB3-4182-8BFB-A0A32543BE03}"
EndProject
Project("{FAE04EC0-301F-11D3-BF4B-00C04F79EFBC}") = "BusinessLogicLayer", "BusinessLogicLayer\BusinessLogicLayer.csproj", "{AF29796E-10E9-482B-99B7-FF8B6E8BE85D}"
EndProject
Project("{2150E333-8FDC-42A3-9474-1A3956D46DE8}") = "Plugin", "Plugin", "{B132EF76-25C3-4B2D-9EFE-00C54877511A}"
EndProject
Project("{FAE04EC0-301F-11D3-BF4B-00C04F79EFBC}") = "TestNewDAL", "TestNewDAL\TestNewDAL.csproj", "{F5E242E2-E72D-4AAA-806D-9FC4AF29858E}"
EndProject
Project("{FAE04EC0-301F-11D3-BF4B-00C04F79EFBC}") = "ZETDecoder", "ZETDecoder\ZETDecoder.csproj", "{103DF3CC-2038-4B53-9F1F-7A02864D61C3}"
EndProject
Project("{FAE04EC0-301F-11D3-BF4B-00C04F79EFBC}") = "TestPlugin", "TestPlugin\TestPlugin.csproj", "{771AC24E-550C-4C32-942E-6A9770D74C63}"
EndProject
Project("{FAE04EC0-301F-11D3-BF4B-00C04F79EFBC}") = "ILISPlugin", "ILISPlugin\ILISPlugin.csproj", "{3A10774F-A379-454B-B1AD-F3A55D9294E2}"
EndProject
Project("{FAE04EC0-301F-11D3-BF4B-00C04F79EFBC}") = "LISPlugin", "LISPlugin\LISPlugin.csproj", "{B511E8C1-9576-4486-876F-CAE8F9DD439A}"
EndProject
Global
	GlobalSection(SolutionConfigurationPlatforms) = preSolution
		Debug|Any CPU = Debug|Any CPU
		Release|Any CPU = Release|Any CPU
	EndGlobalSection
	GlobalSection(ProjectConfigurationPlatforms) = postSolution
		{A2F5C322-DA70-43FC-850D-57CAB2C44E3F}.Debug|Any CPU.ActiveCfg = Debug|Any CPU
		{A2F5C322-DA70-43FC-850D-57CAB2C44E3F}.Debug|Any CPU.Build.0 = Debug|Any CPU
		{A2F5C322-DA70-43FC-850D-57CAB2C44E3F}.Release|Any CPU.ActiveCfg = Release|Any CPU
		{A2F5C322-DA70-43FC-850D-57CAB2C44E3F}.Release|Any CPU.Build.0 = Release|Any CPU
		{1AE7A8D0-8826-4D4D-9E71-8CD3D6175319}.Debug|Any CPU.ActiveCfg = Debug|Any CPU
		{1AE7A8D0-8826-4D4D-9E71-8CD3D6175319}.Debug|Any CPU.Build.0 = Debug|Any CPU
		{1AE7A8D0-8826-4D4D-9E71-8CD3D6175319}.Release|Any CPU.ActiveCfg = Release|Any CPU
		{1AE7A8D0-8826-4D4D-9E71-8CD3D6175319}.Release|Any CPU.Build.0 = Release|Any CPU
		{26F90BA8-92EE-4C58-8C45-DCAC2A9662A9}.Debug|Any CPU.ActiveCfg = Debug|Any CPU
		{26F90BA8-92EE-4C58-8C45-DCAC2A9662A9}.Debug|Any CPU.Build.0 = Debug|Any CPU
		{26F90BA8-92EE-4C58-8C45-DCAC2A9662A9}.Release|Any CPU.ActiveCfg = Release|Any CPU
		{26F90BA8-92EE-4C58-8C45-DCAC2A9662A9}.Release|Any CPU.Build.0 = Release|Any CPU
		{A1D784D1-835D-425D-BCC8-04C9C04BA474}.Debug|Any CPU.ActiveCfg = Debug|Any CPU
		{A1D784D1-835D-425D-BCC8-04C9C04BA474}.Debug|Any CPU.Build.0 = Debug|Any CPU
		{A1D784D1-835D-425D-BCC8-04C9C04BA474}.Release|Any CPU.ActiveCfg = Release|Any CPU
		{A1D784D1-835D-425D-BCC8-04C9C04BA474}.Release|Any CPU.Build.0 = Release|Any CPU
		{C9A27A86-5EB3-4182-8BFB-A0A32543BE03}.Debug|Any CPU.ActiveCfg = Debug|Any CPU
		{C9A27A86-5EB3-4182-8BFB-A0A32543BE03}.Debug|Any CPU.Build.0 = Debug|Any CPU
		{C9A27A86-5EB3-4182-8BFB-A0A32543BE03}.Release|Any CPU.ActiveCfg = Release|Any CPU
		{C9A27A86-5EB3-4182-8BFB-A0A32543BE03}.Release|Any CPU.Build.0 = Release|Any CPU
		{AF29796E-10E9-482B-99B7-FF8B6E8BE85D}.Debug|Any CPU.ActiveCfg = Debug|Any CPU
		{AF29796E-10E9-482B-99B7-FF8B6E8BE85D}.Debug|Any CPU.Build.0 = Debug|Any CPU
		{AF29796E-10E9-482B-99B7-FF8B6E8BE85D}.Release|Any CPU.ActiveCfg = Release|Any CPU
		{AF29796E-10E9-482B-99B7-FF8B6E8BE85D}.Release|Any CPU.Build.0 = Release|Any CPU
		{F5E242E2-E72D-4AAA-806D-9FC4AF29858E}.Debug|Any CPU.ActiveCfg = Debug|Any CPU
		{F5E242E2-E72D-4AAA-806D-9FC4AF29858E}.Debug|Any CPU.Build.0 = Debug|Any CPU
		{F5E242E2-E72D-4AAA-806D-9FC4AF29858E}.Release|Any CPU.ActiveCfg = Release|Any CPU
		{F5E242E2-E72D-4AAA-806D-9FC4AF29858E}.Release|Any CPU.Build.0 = Release|Any CPU
		{103DF3CC-2038-4B53-9F1F-7A02864D61C3}.Debug|Any CPU.ActiveCfg = Debug|Any CPU
		{103DF3CC-2038-4B53-9F1F-7A02864D61C3}.Debug|Any CPU.Build.0 = Debug|Any CPU
		{103DF3CC-2038-4B53-9F1F-7A02864D61C3}.Release|Any CPU.ActiveCfg = Release|Any CPU
		{103DF3CC-2038-4B53-9F1F-7A02864D61C3}.Release|Any CPU.Build.0 = Release|Any CPU
		{771AC24E-550C-4C32-942E-6A9770D74C63}.Debug|Any CPU.ActiveCfg = Debug|Any CPU
		{771AC24E-550C-4C32-942E-6A9770D74C63}.Debug|Any CPU.Build.0 = Debug|Any CPU
		{771AC24E-550C-4C32-942E-6A9770D74C63}.Release|Any CPU.ActiveCfg = Release|Any CPU
		{771AC24E-550C-4C32-942E-6A9770D74C63}.Release|Any CPU.Build.0 = Release|Any CPU
		{3A10774F-A379-454B-B1AD-F3A55D9294E2}.Debug|Any CPU.ActiveCfg = Debug|Any CPU
		{3A10774F-A379-454B-B1AD-F3A55D9294E2}.Debug|Any CPU.Build.0 = Debug|Any CPU
		{3A10774F-A379-454B-B1AD-F3A55D9294E2}.Release|Any CPU.ActiveCfg = Release|Any CPU
		{3A10774F-A379-454B-B1AD-F3A55D9294E2}.Release|Any CPU.Build.0 = Release|Any CPU
		{B511E8C1-9576-4486-876F-CAE8F9DD439A}.Debug|Any CPU.ActiveCfg = Debug|Any CPU
		{B511E8C1-9576-4486-876F-CAE8F9DD439A}.Debug|Any CPU.Build.0 = Debug|Any CPU
		{B511E8C1-9576-4486-876F-CAE8F9DD439A}.Release|Any CPU.ActiveCfg = Release|Any CPU
		{B511E8C1-9576-4486-876F-CAE8F9DD439A}.Release|Any CPU.Build.0 = Release|Any CPU
	EndGlobalSection
	GlobalSection(SolutionProperties) = preSolution
		HideSolutionNode = FALSE
	EndGlobalSection
	GlobalSection(NestedProjects) = preSolution
		{1AE7A8D0-8826-4D4D-9E71-8CD3D6175319} = {B132EF76-25C3-4B2D-9EFE-00C54877511A}
		{26F90BA8-92EE-4C58-8C45-DCAC2A9662A9} = {B132EF76-25C3-4B2D-9EFE-00C54877511A}
		{C9A27A86-5EB3-4182-8BFB-A0A32543BE03} = {B132EF76-25C3-4B2D-9EFE-00C54877511A}
		{AF29796E-10E9-482B-99B7-FF8B6E8BE85D} = {B132EF76-25C3-4B2D-9EFE-00C54877511A}
		{3A10774F-A379-454B-B1AD-F3A55D9294E2} = {B132EF76-25C3-4B2D-9EFE-00C54877511A}
		{B511E8C1-9576-4486-876F-CAE8F9DD439A} = {B132EF76-25C3-4B2D-9EFE-00C54877511A}
	EndGlobalSection
EndGlobal
